
Microsoft Visual Studio Solution File, Format Version 12.00
# Visual Studio Version 16
VisualStudioVersion = 16.0.31025.194
MinimumVisualStudioVersion = 10.0.40219.1
Project("{FAE04EC0-301F-11D3-BF4B-00C04F79EFBC}") = "PokerApp", "PokerApp.csproj", "{1F1F20C6-4AD6-4036-BF84-330D477ADD6B}"
EndProject
Global
	GlobalSection(SolutionConfigurationPlatforms) = preSolution
		Debug|Any CPU = Debug|Any CPU
		Release|Any CPU = Release|Any CPU
	EndGlobalSection
	GlobalSection(ProjectConfigurationPlatforms) = postSolution
		{1F1F20C6-4AD6-4036-BF84-330D477ADD6B}.Debug|Any CPU.ActiveCfg = Debug|Any CPU
		{1F1F20C6-4AD6-4036-BF84-330D477ADD6B}.Debug|Any CPU.Build.0 = Debug|Any CPU
		{1F1F20C6-4AD6-4036-BF84-330D477ADD6B}.Release|Any CPU.ActiveCfg = Release|Any CPU
		{1F1F20C6-4AD6-4036-BF84-330D477ADD6B}.Release|Any CPU.Build.0 = Release|Any CPU
	EndGlobalSection
	GlobalSection(SolutionProperties) = preSolution
		HideSolutionNode = FALSE
	EndGlobalSection
	GlobalSection(ExtensibilityGlobals) = postSolution
		SolutionGuid = {A7C0862F-AC1C-426D-8269-9DFF8E5A9E81}
	EndGlobalSection
EndGlobal
